Microsoft Visual Studio Solution File, Format Version 12.00
# Visual Studio Version 17
VisualStudioVersion = 17.5.2.0
MinimumVisualStudioVersion = 10.0.40219.1
Project("{FAE04EC0-301F-11D3-BF4B-00C04F79EFBC}") = "programaMinsait", "programaMinsait\programaMinsait.csproj", "{EBDD8EAB-2DB1-53CA-73DA-A9F930612BC1}"
EndProject
Global
	GlobalSection(SolutionConfigurationPlatforms) = preSolution
		Debug|Any CPU = Debug|Any CPU
		Release|Any CPU = Release|Any CPU
	EndGlobalSection
	GlobalSection(ProjectConfigurationPlatforms) = postSolution
		{EBDD8EAB-2DB1-53CA-73DA-A9F930612BC1}.Debug|Any CPU.ActiveCfg = Debug|Any CPU
		{EBDD8EAB-2DB1-53CA-73DA-A9F930612BC1}.Debug|Any CPU.Build.0 = Debug|Any CPU
		{EBDD8EAB-2DB1-53CA-73DA-A9F930612BC1}.Release|Any CPU.ActiveCfg = Release|Any CPU
		{EBDD8EAB-2DB1-53CA-73DA-A9F930612BC1}.Release|Any CPU.Build.0 = Release|Any CPU
	EndGlobalSection
	GlobalSection(SolutionProperties) = preSolution
		HideSolutionNode = FALSE
	EndGlobalSection
	GlobalSection(ExtensibilityGlobals) = postSolution
		SolutionGuid = {D00B0718-AB21-4D77-B925-E03D57669DCE}
	EndGlobalSection
EndGlobal
